
Microsoft Visual Studio Solution File, Format Version 12.00
# Visual Studio Version 16
VisualStudioVersion = 16.0.32510.428
MinimumVisualStudioVersion = 10.0.40219.1
Project("{FAE04EC0-301F-11D3-BF4B-00C04F79EFBC}") = "BigSchool", "BigSchool\BigSchool.csproj", "{5DF83155-542B-4D96-8AB7-723A232C1064}"
EndProject
Global
	GlobalSection(SolutionConfigurationPlatforms) = preSolution
		Debug|Any CPU = Debug|Any CPU
		Release|Any CPU = Release|Any CPU
	EndGlobalSection
	GlobalSection(ProjectConfigurationPlatforms) = postSolution
		{5DF83155-542B-4D96-8AB7-723A232C1064}.Debug|Any CPU.ActiveCfg = Debug|Any CPU
		{5DF83155-542B-4D96-8AB7-723A232C1064}.Debug|Any CPU.Build.0 = Debug|Any CPU
		{5DF83155-542B-4D96-8AB7-723A232C1064}.Release|Any CPU.ActiveCfg = Release|Any CPU
		{5DF83155-542B-4D96-8AB7-723A232C1064}.Release|Any CPU.Build.0 = Release|Any CPU
	EndGlobalSection
	GlobalSection(SolutionProperties) = preSolution
		HideSolutionNode = FALSE
	EndGlobalSection
	GlobalSection(ExtensibilityGlobals) = postSolution
		SolutionGuid = {278224CE-5034-407D-82C7-5275D13F743B}
	EndGlobalSection
EndGlobal
